
Microsoft Visual Studio Solution File, Format Version 12.00
# Visual Studio 15
Project("{FAE04EC0-301F-11D3-BF4B-00C04F79EFBC}") = "Assembly-CSharp", "Assembly-CSharp.csproj", "{7BD3756D-046D-6A2C-3026-BDB257B4B555}"
EndProject
Project("{FAE04EC0-301F-11D3-BF4B-00C04F79EFBC}") = "Assembly-CSharp-Editor", "Assembly-CSharp-Editor.csproj", "{538EE3C8-EC29-1DF2-74E9-5470EEDD2216}"
EndProject
Global
	GlobalSection(SolutionConfigurationPlatforms) = preSolution
		Debug|Any CPU = Debug|Any CPU
		Release|Any CPU = Release|Any CPU
	EndGlobalSection
	GlobalSection(ProjectConfigurationPlatforms) = postSolution
		{7BD3756D-046D-6A2C-3026-BDB257B4B555}.Debug|Any CPU.ActiveCfg = Debug|Any CPU
		{7BD3756D-046D-6A2C-3026-BDB257B4B555}.Debug|Any CPU.Build.0 = Debug|Any CPU
		{7BD3756D-046D-6A2C-3026-BDB257B4B555}.Release|Any CPU.ActiveCfg = Release|Any CPU
		{7BD3756D-046D-6A2C-3026-BDB257B4B555}.Release|Any CPU.Build.0 = Release|Any CPU
		{538EE3C8-EC29-1DF2-74E9-5470EEDD2216}.Debug|Any CPU.ActiveCfg = Debug|Any CPU
		{538EE3C8-EC29-1DF2-74E9-5470EEDD2216}.Debug|Any CPU.Build.0 = Debug|Any CPU
		{538EE3C8-EC29-1DF2-74E9-5470EEDD2216}.Release|Any CPU.ActiveCfg = Release|Any CPU
		{538EE3C8-EC29-1DF2-74E9-5470EEDD2216}.Release|Any CPU.Build.0 = Release|Any CPU
	EndGlobalSection
	GlobalSection(SolutionProperties) = preSolution
		HideSolutionNode = FALSE
	EndGlobalSection
EndGlobal
